{
  "name": "frontend",
  "lockfileVersion": 3,
  "requires": true,
  "packages": {
    "": {
      "dependencies": {
        "@primeng/themes": "^19.1.2",
        "primeicons": "^7.0.0",
        "primeng": "^19.1.2"
      }
    },
    "node_modules/@angular/animations": {
      "version": "19.2.10",
      "resolved": "https://registry.npmjs.org/@angular/animations/-/animations-19.2.10.tgz",
      "integrity": "sha512-LlH6mt0D8+MI0LV8QNx9/rqLLv0WCfYPS/5iXSGpIyfsflLoO5dRGhtS4pdQbu5gqmnLdf9i7r4ldRJjf7wb+g==",
      "peer": true,
      "dependencies": {
        "tslib": "^2.3.0"
      },
      "engines": {
        "node": "^18.19.1 || ^20.11.1 || >=22.0.0"
      },
      "peerDependencies": {
        "@angular/common": "19.2.10",
        "@angular/core": "19.2.10"
      }
    },
    "node_modules/@angular/cdk": {
      "version": "19.2.15",
      "resolved": "https://registry.npmjs.org/@angular/cdk/-/cdk-19.2.15.tgz",
      "integrity": "sha512-srM0O4oVPvMIbv1m+fU3D0X2ZK0Q7raggCD7jcb+d+pXoPESqI91Hn8FIhA2OCbw0vJWJ/Mly8lskmIb8RNLcQ==",
      "peer": true,
      "dependencies": {
        "parse5": "^7.1.2",
        "tslib": "^2.3.0"
      },
      "peerDependencies": {
        "@angular/common": "^19.0.0 || ^20.0.0",
        "@angular/core": "^19.0.0 || ^20.0.0",
        "rxjs": "^6.5.3 || ^7.4.0"
      }
    },
    "node_modules/@angular/common": {
      "version": "19.2.10",
      "resolved": "https://registry.npmjs.org/@angular/common/-/common-19.2.10.tgz",
      "integrity": "sha512-1Aq0pT0MXEYHUXFB0nFkiErW7OUCLxF2XkZv///hxWEBX3nc4Zl+p9yrVRvnTJoLuOVU5TYOPjiyKzAGbUIxVw==",
      "peer": true,
      "dependencies": {
        "tslib": "^2.3.0"
      },
      "engines": {
        "node": "^18.19.1 || ^20.11.1 || >=22.0.0"
      },
      "peerDependencies": {
        "@angular/core": "19.2.10",
        "rxjs": "^6.5.3 || ^7.4.0"
      }
    },
    "node_modules/@angular/core": {
      "version": "19.2.10",
      "resolved": "https://registry.npmjs.org/@angular/core/-/core-19.2.10.tgz",
      "integrity": "sha512-9SQj5zz9VL4nD2dnqaS8nHxYWWQTPavacwG/e5I1wlctrUIGAvvl9uApxXanqlNVoezA0isUVzZGjaiQuu0hBQ==",
      "peer": true,
      "dependencies": {
        "tslib": "^2.3.0"
      },
      "engines": {
        "node": "^18.19.1 || ^20.11.1 || >=22.0.0"
      },
      "peerDependencies": {
        "rxjs": "^6.5.3 || ^7.4.0",
        "zone.js": "~0.15.0"
      }
    },
    "node_modules/@angular/forms": {
      "version": "19.2.10",
      "resolved": "https://registry.npmjs.org/@angular/forms/-/forms-19.2.10.tgz",
      "integrity": "sha512-IUO+kvW1hIMuWAf98YNRLu+L0Kwq4Bd66ga5veJZ0aqnwA95m3HtcGhB9kygKyF/evQYO+X8GC/Hn1knPjkk1w==",
      "peer": true,
      "dependencies": {
        "tslib": "^2.3.0"
      },
      "engines": {
        "node": "^18.19.1 || ^20.11.1 || >=22.0.0"
      },
      "peerDependencies": {
        "@angular/common": "19.2.10",
        "@angular/core": "19.2.10",
        "@angular/platform-browser": "19.2.10",
        "rxjs": "^6.5.3 || ^7.4.0"
      }
    },
    "node_modules/@angular/platform-browser": {
      "version": "19.2.10",
      "resolved": "https://registry.npmjs.org/@angular/platform-browser/-/platform-browser-19.2.10.tgz",
      "integrity": "sha512-MYX4av0UvCmtUyCo6vW2RjOT2nbZsChhNjKr70DrWcCRMhYYv4cB4PMr6PnyGKJb7QZSSdzbqbbGtvvaB/quqw==",
      "peer": true,
      "dependencies": {
        "tslib": "^2.3.0"
      },
      "engines": {
        "node": "^18.19.1 || ^20.11.1 || >=22.0.0"
      },
      "peerDependencies": {
        "@angular/animations": "19.2.10",
        "@angular/common": "19.2.10",
        "@angular/core": "19.2.10"
      },
      "peerDependenciesMeta": {
        "@angular/animations": {
          "optional": true
        }
      }
    },
    "node_modules/@angular/router": {
      "version": "19.2.10",
      "resolved": "https://registry.npmjs.org/@angular/router/-/router-19.2.10.tgz",
      "integrity": "sha512-bmt3ws3L4pYTlI8FW5L1ShyOeUQobXA7wy6TbcIToEonZk+i8uj3xlTD9Ymnjkb9wbNXrD1qoNSpP86c7C1rWQ==",
      "peer": true,
      "dependencies": {
        "tslib": "^2.3.0"
      },
      "engines": {
        "node": "^18.19.1 || ^20.11.1 || >=22.0.0"
      },
      "peerDependencies": {
        "@angular/common": "19.2.10",
        "@angular/core": "19.2.10",
        "@angular/platform-browser": "19.2.10",
        "rxjs": "^6.5.3 || ^7.4.0"
      }
    },
    "node_modules/@primeng/themes": {
      "version": "19.1.2",
      "resolved": "https://registry.npmjs.org/@primeng/themes/-/themes-19.1.2.tgz",
      "integrity": "sha512-6q6jYks+S9+oqJUtsBKSAt9PdO2eUIkYyg4qGZAF2Dsp7YZ5nt4W/S5JUjxEDEjrtwUe+uDLeQr7PxNJErN4Gg==",
      "dependencies": {
        "@primeuix/styled": "^0.3.2"
      }
    },
    "node_modules/@primeuix/styled": {
      "version": "0.3.2",
      "resolved": "https://registry.npmjs.org/@primeuix/styled/-/styled-0.3.2.tgz",
      "integrity": "sha512-ColZes0+/WKqH4ob2x8DyNYf1NENpe5ZguOvx5yCLxaP8EIMVhLjWLO/3umJiDnQU4XXMLkn2mMHHw+fhTX/mw==",
      "dependencies": {
        "@primeuix/utils": "^0.3.2"
      },
      "engines": {
        "node": ">=12.11.0"
      }
    },
    "node_modules/@primeuix/utils": {
      "version": "0.3.2",
      "resolved": "https://registry.npmjs.org/@primeuix/utils/-/utils-0.3.2.tgz",
      "integrity": "sha512-B+nphqTQeq+i6JuICLdVWnDMjONome2sNz0xI65qIOyeB4EF12CoKRiCsxuZ5uKAkHi/0d1LqlQ9mIWRSdkavw==",
      "engines": {
        "node": ">=12.11.0"
      }
    },
    "node_modules/entities": {
      "version": "6.0.0",
      "resolved": "https://registry.npmjs.org/entities/-/entities-6.0.0.tgz",
      "integrity": "sha512-aKstq2TDOndCn4diEyp9Uq/Flu2i1GlLkc6XIDQSDMuaFE3OPW5OphLCyQ5SpSJZTb4reN+kTcYru5yIfXoRPw==",
      "peer": true,
      "engines": {
        "node": ">=0.12"
      },
      "funding": {
        "url": "https://github.com/fb55/entities?sponsor=1"
      }
    },
    "node_modules/parse5": {
      "version": "7.3.0",
      "resolved": "https://registry.npmjs.org/parse5/-/parse5-7.3.0.tgz",
      "integrity": "sha512-IInvU7fabl34qmi9gY8XOVxhYyMyuH2xUNpb2q8/Y+7552KlejkRvqvD19nMoUW/uQGGbqNpA6Tufu5FL5BZgw==",
      "peer": true,
      "dependencies": {
        "entities": "^6.0.0"
      },
      "funding": {
        "url": "https://github.com/inikulin/parse5?sponsor=1"
      }
    },
    "node_modules/primeicons": {
      "version": "7.0.0",
      "resolved": "https://registry.npmjs.org/primeicons/-/primeicons-7.0.0.tgz",
      "integrity": "sha512-jK3Et9UzwzTsd6tzl2RmwrVY/b8raJ3QZLzoDACj+oTJ0oX7L9Hy+XnVwgo4QVKlKpnP/Ur13SXV/pVh4LzaDw=="
    },
    "node_modules/primeng": {
      "version": "19.1.2",
      "resolved": "https://registry.npmjs.org/primeng/-/primeng-19.1.2.tgz",
      "integrity": "sha512-iu4lDrStBPCyYn+iSfofp/Hsv/dHVlnlsOhqFZlYTQB1o+MlVXa4PanLgHdoBr1thy3ozRkNDZHsICkUecWu0A==",
      "dependencies": {
        "@primeuix/styled": "^0.3.2",
        "@primeuix/utils": "^0.3.2",
        "tslib": "^2.3.0"
      },
      "peerDependencies": {
        "@angular/animations": "^19.0.0",
        "@angular/cdk": "^19.0.0",
        "@angular/common": "^19.0.0",
        "@angular/core": "^19.0.0",
        "@angular/forms": "^19.0.0",
        "@angular/platform-browser": "^19.0.0",
        "@angular/router": "^19.0.0",
        "rxjs": "^6.0.0 || ^7.8.1"
      }
    },
    "node_modules/rxjs": {
      "version": "7.8.2",
      "resolved": "https://registry.npmjs.org/rxjs/-/rxjs-7.8.2.tgz",
      "integrity": "sha512-dhKf903U/PQZY6boNNtAGdWbG85WAbjT/1xYoZIC7FAY0yWapOBQVsVrDl58W86//e1VpMNBtRV4MaXfdMySFA==",
      "peer": true,
      "dependencies": {
        "tslib": "^2.1.0"
      }
    },
    "node_modules/tslib": {
      "version": "2.8.1",
      "resolved": "https://registry.npmjs.org/tslib/-/tslib-2.8.1.tgz",
      "integrity": "sha512-oJFu94HQb+KVduSUQL7wnpmqnfmLsOA/nAh6b6EH0wCEoK0/mPeXU6c3wKDV83MkOuHPRHtSXKKU99IBazS/2w=="
    },
    "node_modules/zone.js": {
      "version": "0.15.0",
      "resolved": "https://registry.npmjs.org/zone.js/-/zone.js-0.15.0.tgz",
      "integrity": "sha512-9oxn0IIjbCZkJ67L+LkhYWRyAy7axphb3VgE2MBDlOqnmHMPWGYMxJxBYFueFq/JGY2GMwS0rU+UCLunEmy5UA==",
      "peer": true
    }
  }
}
